
Microsoft Visual Studio Solution File, Format Version 12.00
# Visual Studio Version 16
VisualStudioVersion = 16.0.30621.155
MinimumVisualStudioVersion = 10.0.40219.1
Project("{9A19103F-16F7-4668-BE54-9A1E7A4F7556}") = "1. Shows how the three parts of a query operation execute", "1. Shows how the three parts of a query operation execute\1. Shows how the three parts of a query operation execute.csproj", "{C1066F63-D2C7-43FF-BF57-39DFBAC563B2}"
EndProject
Project("{9A19103F-16F7-4668-BE54-9A1E7A4F7556}") = "2. Find the positive numbers from a list of numbers using two where conditions", "2. Find the positive numbers from a list of numbers using two where conditions\2. Find the positive numbers from a list of numbers using two where conditions.csproj", "{FEDE3166-010E-496E-B352-C6497EC67F1A}"
EndProject
Project("{9A19103F-16F7-4668-BE54-9A1E7A4F7556}") = "3. Find the number and its square of an array which is more than 20", "3. Find the number and its square of an array which is more than 20\3. Find the number and its square of an array which is more than 20.csproj", "{F577876B-DE21-491E-BE89-86EDB4FEA6E3}"
EndProject
Project("{9A19103F-16F7-4668-BE54-9A1E7A4F7556}") = "4. Display the number and frequency of number from given array", "4. Display the number and frequency of number from given array\4. Display the number and frequency of number from given array.csproj", "{DE6811D8-9227-4AB2-ABC7-7F19F354E05D}"
EndProject
Project("{FAE04EC0-301F-11D3-BF4B-00C04F79EFBC}") = "Let Clause", "Let Clause\Let Clause.csproj", "{38529BF9-B984-43C2-B96C-6FDCC3596E57}"
EndProject
Global
	GlobalSection(SolutionConfigurationPlatforms) = preSolution
		Debug|Any CPU = Debug|Any CPU
		Release|Any CPU = Release|Any CPU
	EndGlobalSection
	GlobalSection(ProjectConfigurationPlatforms) = postSolution
		{C1066F63-D2C7-43FF-BF57-39DFBAC563B2}.Debug|Any CPU.ActiveCfg = Debug|Any CPU
		{C1066F63-D2C7-43FF-BF57-39DFBAC563B2}.Debug|Any CPU.Build.0 = Debug|Any CPU
		{C1066F63-D2C7-43FF-BF57-39DFBAC563B2}.Release|Any CPU.ActiveCfg = Release|Any CPU
		{C1066F63-D2C7-43FF-BF57-39DFBAC563B2}.Release|Any CPU.Build.0 = Release|Any CPU
		{FEDE3166-010E-496E-B352-C6497EC67F1A}.Debug|Any CPU.ActiveCfg = Debug|Any CPU
		{FEDE3166-010E-496E-B352-C6497EC67F1A}.Debug|Any CPU.Build.0 = Debug|Any CPU
		{FEDE3166-010E-496E-B352-C6497EC67F1A}.Release|Any CPU.ActiveCfg = Release|Any CPU
		{FEDE3166-010E-496E-B352-C6497EC67F1A}.Release|Any CPU.Build.0 = Release|Any CPU
		{F577876B-DE21-491E-BE89-86EDB4FEA6E3}.Debug|Any CPU.ActiveCfg = Debug|Any CPU
		{F577876B-DE21-491E-BE89-86EDB4FEA6E3}.Debug|Any CPU.Build.0 = Debug|Any CPU
		{F577876B-DE21-491E-BE89-86EDB4FEA6E3}.Release|Any CPU.ActiveCfg = Release|Any CPU
		{F577876B-DE21-491E-BE89-86EDB4FEA6E3}.Release|Any CPU.Build.0 = Release|Any CPU
		{DE6811D8-9227-4AB2-ABC7-7F19F354E05D}.Debug|Any CPU.ActiveCfg = Debug|Any CPU
		{DE6811D8-9227-4AB2-ABC7-7F19F354E05D}.Debug|Any CPU.Build.0 = Debug|Any CPU
		{DE6811D8-9227-4AB2-ABC7-7F19F354E05D}.Release|Any CPU.ActiveCfg = Release|Any CPU
		{DE6811D8-9227-4AB2-ABC7-7F19F354E05D}.Release|Any CPU.Build.0 = Release|Any CPU
		{38529BF9-B984-43C2-B96C-6FDCC3596E57}.Debug|Any CPU.ActiveCfg = Debug|Any CPU
		{38529BF9-B984-43C2-B96C-6FDCC3596E57}.Debug|Any CPU.Build.0 = Debug|Any CPU
		{38529BF9-B984-43C2-B96C-6FDCC3596E57}.Release|Any CPU.ActiveCfg = Release|Any CPU
		{38529BF9-B984-43C2-B96C-6FDCC3596E57}.Release|Any CPU.Build.0 = Release|Any CPU
	EndGlobalSection
	GlobalSection(SolutionProperties) = preSolution
		HideSolutionNode = FALSE
	EndGlobalSection
	GlobalSection(ExtensibilityGlobals) = postSolution
		SolutionGuid = {6011684A-89EF-4C7F-B37D-23E6F3FEADF4}
	EndGlobalSection
EndGlobal
